
Microsoft Visual Studio Solution File, Format Version 12.00
# Visual Studio Version 16
VisualStudioVersion = 16.0.30804.86
MinimumVisualStudioVersion = 10.0.40219.1
Project("{9A19103F-16F7-4668-BE54-9A1E7A4F7556}") = "PizzeriaAcademyDotNet", "PizzeriaAcademyDotNet\PizzeriaAcademyDotNet.csproj", "{21DC4CED-122F-48B2-BE2E-6B76CC87381C}"
EndProject
Project("{9A19103F-16F7-4668-BE54-9A1E7A4F7556}") = "Persistance.Database", "Persistance.Database\Persistance.Database.csproj", "{84455749-E5C7-4450-9544-1FF58C690391}"
EndProject
Project("{9A19103F-16F7-4668-BE54-9A1E7A4F7556}") = "Services", "Services\Services.csproj", "{7E21A880-9145-40F5-9C67-1AAD3C912480}"
EndProject
Project("{FAE04EC0-301F-11D3-BF4B-00C04F79EFBC}") = "WebApiPizzeria", "WebApiPizzeria\WebApiPizzeria.csproj", "{87374022-A0BB-4DCF-975C-B8B18A6F6573}"
EndProject
Global
	GlobalSection(SolutionConfigurationPlatforms) = preSolution
		Debug|Any CPU = Debug|Any CPU
		Release|Any CPU = Release|Any CPU
	EndGlobalSection
	GlobalSection(ProjectConfigurationPlatforms) = postSolution
		{21DC4CED-122F-48B2-BE2E-6B76CC87381C}.Debug|Any CPU.ActiveCfg = Debug|Any CPU
		{21DC4CED-122F-48B2-BE2E-6B76CC87381C}.Debug|Any CPU.Build.0 = Debug|Any CPU
		{21DC4CED-122F-48B2-BE2E-6B76CC87381C}.Release|Any CPU.ActiveCfg = Release|Any CPU
		{21DC4CED-122F-48B2-BE2E-6B76CC87381C}.Release|Any CPU.Build.0 = Release|Any CPU
		{84455749-E5C7-4450-9544-1FF58C690391}.Debug|Any CPU.ActiveCfg = Debug|Any CPU
		{84455749-E5C7-4450-9544-1FF58C690391}.Debug|Any CPU.Build.0 = Debug|Any CPU
		{84455749-E5C7-4450-9544-1FF58C690391}.Release|Any CPU.ActiveCfg = Release|Any CPU
		{84455749-E5C7-4450-9544-1FF58C690391}.Release|Any CPU.Build.0 = Release|Any CPU
		{7E21A880-9145-40F5-9C67-1AAD3C912480}.Debug|Any CPU.ActiveCfg = Debug|Any CPU
		{7E21A880-9145-40F5-9C67-1AAD3C912480}.Debug|Any CPU.Build.0 = Debug|Any CPU
		{7E21A880-9145-40F5-9C67-1AAD3C912480}.Release|Any CPU.ActiveCfg = Release|Any CPU
		{7E21A880-9145-40F5-9C67-1AAD3C912480}.Release|Any CPU.Build.0 = Release|Any CPU
		{87374022-A0BB-4DCF-975C-B8B18A6F6573}.Debug|Any CPU.ActiveCfg = Debug|Any CPU
		{87374022-A0BB-4DCF-975C-B8B18A6F6573}.Debug|Any CPU.Build.0 = Debug|Any CPU
		{87374022-A0BB-4DCF-975C-B8B18A6F6573}.Release|Any CPU.ActiveCfg = Release|Any CPU
		{87374022-A0BB-4DCF-975C-B8B18A6F6573}.Release|Any CPU.Build.0 = Release|Any CPU
	EndGlobalSection
	GlobalSection(SolutionProperties) = preSolution
		HideSolutionNode = FALSE
	EndGlobalSection
	GlobalSection(ExtensibilityGlobals) = postSolution
		SolutionGuid = {BAC03A3F-185D-4C3E-8EB8-B74E853C3F45}
	EndGlobalSection
EndGlobal
